
Microsoft Visual Studio Solution File, Format Version 12.00
# Visual Studio Version 16
VisualStudioVersion = 16.0.31313.79
MinimumVisualStudioVersion = 10.0.40219.1
Project("{8BC9CEB8-8B4A-11D0-8D11-00A0C91BC942}") = "剑指offer_05", "剑指offer_05\剑指offer_05.vcxproj", "{76B1F90A-2E62-4F00-8770-7C4A3AB78911}"
EndProject
Global
	GlobalSection(SolutionConfigurationPlatforms) = preSolution
		Debug|x64 = Debug|x64
		Debug|x86 = Debug|x86
		Release|x64 = Release|x64
		Release|x86 = Release|x86
	EndGlobalSection
	GlobalSection(ProjectConfigurationPlatforms) = postSolution
		{76B1F90A-2E62-4F00-8770-7C4A3AB78911}.Debug|x64.ActiveCfg = Debug|x64
		{76B1F90A-2E62-4F00-8770-7C4A3AB78911}.Debug|x64.Build.0 = Debug|x64
		{76B1F90A-2E62-4F00-8770-7C4A3AB78911}.Debug|x86.ActiveCfg = Debug|Win32
		{76B1F90A-2E62-4F00-8770-7C4A3AB78911}.Debug|x86.Build.0 = Debug|Win32
		{76B1F90A-2E62-4F00-8770-7C4A3AB78911}.Release|x64.ActiveCfg = Release|x64
		{76B1F90A-2E62-4F00-8770-7C4A3AB78911}.Release|x64.Build.0 = Release|x64
		{76B1F90A-2E62-4F00-8770-7C4A3AB78911}.Release|x86.ActiveCfg = Release|Win32
		{76B1F90A-2E62-4F00-8770-7C4A3AB78911}.Release|x86.Build.0 = Release|Win32
	EndGlobalSection
	GlobalSection(SolutionProperties) = preSolution
		HideSolutionNode = FALSE
	EndGlobalSection
	GlobalSection(ExtensibilityGlobals) = postSolution
		SolutionGuid = {AE8C714D-5DFC-4188-818F-E5D38DD07C09}
	EndGlobalSection
EndGlobal
